
Microsoft Visual Studio Solution File, Format Version 12.00
# Visual Studio Version 17
VisualStudioVersion = 17.6.33815.320
MinimumVisualStudioVersion = 10.0.40219.1
Project("{FAE04EC0-301F-11D3-BF4B-00C04F79EFBC}") = "ImageAnalysis", "ImageAnalysis\ImageAnalysis.csproj", "{76473603-C0AE-4AD5-82BA-673E6FD69192}"
EndProject
Global
	GlobalSection(SolutionConfigurationPlatforms) = preSolution
		Debug|Any CPU = Debug|Any CPU
		Release|Any CPU = Release|Any CPU
	EndGlobalSection
	GlobalSection(ProjectConfigurationPlatforms) = postSolution
		{76473603-C0AE-4AD5-82BA-673E6FD69192}.Debug|Any CPU.ActiveCfg = Debug|Any CPU
		{76473603-C0AE-4AD5-82BA-673E6FD69192}.Debug|Any CPU.Build.0 = Debug|Any CPU
		{76473603-C0AE-4AD5-82BA-673E6FD69192}.Release|Any CPU.ActiveCfg = Release|Any CPU
		{76473603-C0AE-4AD5-82BA-673E6FD69192}.Release|Any CPU.Build.0 = Release|Any CPU
	EndGlobalSection
	GlobalSection(SolutionProperties) = preSolution
		HideSolutionNode = FALSE
	EndGlobalSection
	GlobalSection(ExtensibilityGlobals) = postSolution
		SolutionGuid = {7871EAEF-7FF7-4A62-A3D3-7F109E514A1D}
	EndGlobalSection
EndGlobal
